
Microsoft Visual Studio Solution File, Format Version 12.00
# Visual Studio Version 16
VisualStudioVersion = 16.0.33214.272
MinimumVisualStudioVersion = 10.0.40219.1
Project("{FAE04EC0-301F-11D3-BF4B-00C04F79EFBC}") = "EHS_MVC", "EHS_MVC.csproj", "{CFCC922B-1D7C-44E9-931E-F3CEE52B58A4}"
EndProject
Global
	GlobalSection(SolutionConfigurationPlatforms) = preSolution
		Debug|Any CPU = Debug|Any CPU
		Release|Any CPU = Release|Any CPU
	EndGlobalSection
	GlobalSection(ProjectConfigurationPlatforms) = postSolution
		{CFCC922B-1D7C-44E9-931E-F3CEE52B58A4}.Debug|Any CPU.ActiveCfg = Debug|Any CPU
		{CFCC922B-1D7C-44E9-931E-F3CEE52B58A4}.Debug|Any CPU.Build.0 = Debug|Any CPU
		{CFCC922B-1D7C-44E9-931E-F3CEE52B58A4}.Release|Any CPU.ActiveCfg = Release|Any CPU
		{CFCC922B-1D7C-44E9-931E-F3CEE52B58A4}.Release|Any CPU.Build.0 = Release|Any CPU
	EndGlobalSection
	GlobalSection(SolutionProperties) = preSolution
		HideSolutionNode = FALSE
	EndGlobalSection
	GlobalSection(ExtensibilityGlobals) = postSolution
		SolutionGuid = {53DD8D00-F089-4D64-857D-FD2BD44D1611}
	EndGlobalSection
EndGlobal
